
Microsoft Visual Studio Solution File, Format Version 12.00
# Visual Studio Version 16
VisualStudioVersion = 16.0.30104.148
MinimumVisualStudioVersion = 10.0.40219.1
Project("{F184B08F-C81C-45F6-A57F-5ABD9991F28F}") = "ClaseEjemploFOR Hacknel Reyes", "Ejemplo FOR\ClaseEjemploFOR Hacknel Reyes.vbproj", "{0CFBB560-9393-4CF3-A734-D6C23F9234C7}"
EndProject
Global
	GlobalSection(SolutionConfigurationPlatforms) = preSolution
		Debug|Any CPU = Debug|Any CPU
		Release|Any CPU = Release|Any CPU
	EndGlobalSection
	GlobalSection(ProjectConfigurationPlatforms) = postSolution
		{0CFBB560-9393-4CF3-A734-D6C23F9234C7}.Debug|Any CPU.ActiveCfg = Debug|Any CPU
		{0CFBB560-9393-4CF3-A734-D6C23F9234C7}.Debug|Any CPU.Build.0 = Debug|Any CPU
		{0CFBB560-9393-4CF3-A734-D6C23F9234C7}.Release|Any CPU.ActiveCfg = Release|Any CPU
		{0CFBB560-9393-4CF3-A734-D6C23F9234C7}.Release|Any CPU.Build.0 = Release|Any CPU
	EndGlobalSection
	GlobalSection(SolutionProperties) = preSolution
		HideSolutionNode = FALSE
	EndGlobalSection
	GlobalSection(ExtensibilityGlobals) = postSolution
		SolutionGuid = {584828B4-2B95-472D-A3ED-4B85A5D688CA}
	EndGlobalSection
EndGlobal
