
Microsoft Visual Studio Solution File, Format Version 12.00
# Visual Studio Version 16
VisualStudioVersion = 16.0.30104.148
MinimumVisualStudioVersion = 10.0.40219.1
Project("{F184B08F-C81C-45F6-A57F-5ABD9991F28F}") = "Calculadora de ImpuestosDescuentos", "Calculadora de ImpuestosDescuentos\Calculadora de ImpuestosDescuentos.vbproj", "{5F0E8BE8-05B1-45E1-8207-16B55E7BAF6A}"
EndProject
Global
	GlobalSection(SolutionConfigurationPlatforms) = preSolution
		Debug|Any CPU = Debug|Any CPU
		Release|Any CPU = Release|Any CPU
	EndGlobalSection
	GlobalSection(ProjectConfigurationPlatforms) = postSolution
		{5F0E8BE8-05B1-45E1-8207-16B55E7BAF6A}.Debug|Any CPU.ActiveCfg = Debug|Any CPU
		{5F0E8BE8-05B1-45E1-8207-16B55E7BAF6A}.Debug|Any CPU.Build.0 = Debug|Any CPU
		{5F0E8BE8-05B1-45E1-8207-16B55E7BAF6A}.Release|Any CPU.ActiveCfg = Release|Any CPU
		{5F0E8BE8-05B1-45E1-8207-16B55E7BAF6A}.Release|Any CPU.Build.0 = Release|Any CPU
	EndGlobalSection
	GlobalSection(SolutionProperties) = preSolution
		HideSolutionNode = FALSE
	EndGlobalSection
	GlobalSection(ExtensibilityGlobals) = postSolution
		SolutionGuid = {82B34494-BB9E-406B-85C8-D25463715738}
	EndGlobalSection
EndGlobal
